
Microsoft Visual Studio Solution File, Format Version 12.00
# Visual Studio Version 17
VisualStudioVersion = 17.13.35913.81
MinimumVisualStudioVersion = 10.0.40219.1
Project("{FAE04EC0-301F-11D3-BF4B-00C04F79EFBC}") = "MoveIT", "MoveIT\MoveIT.csproj", "{6F3D0F7B-E914-4C52-AE1C-BDD13B279EA9}"
EndProject
Project("{2150E333-8FDC-42A3-9474-1A3956D46DE8}") = "01. Presentation", "01. Presentation", "{02EA681E-C7D8-13C7-8484-4AC65E1B71E8}"
EndProject
Project("{2150E333-8FDC-42A3-9474-1A3956D46DE8}") = "02. Core", "02. Core", "{C2A8338C-033C-4D0A-B951-71B7D3DBC6EC}"
EndProject
Project("{2150E333-8FDC-42A3-9474-1A3956D46DE8}") = "03. Infrastructure", "03. Infrastructure", "{66E063F6-C011-4B07-AD9F-A5C11738A1CE}"
EndProject
Project("{2150E333-8FDC-42A3-9474-1A3956D46DE8}") = "10. Tests", "10. Tests", "{D96A4FEA-B153-4468-AD74-A4C9070269E6}"
EndProject
Project("{FAE04EC0-301F-11D3-BF4B-00C04F79EFBC}") = "Core.Domain", "Core.Domain\Core.Domain.csproj", "{9929B5BD-6753-4AFA-B0B4-8E0540DF3B18}"
EndProject
Project("{FAE04EC0-301F-11D3-BF4B-00C04F79EFBC}") = "MoveITConsole", "MoveITConsole\MoveITConsole.csproj", "{EB4A27DE-507E-46D0-A3FE-9BDE256514F4}"
EndProject
Project("{FAE04EC0-301F-11D3-BF4B-00C04F79EFBC}") = "Infrastructure.DataAccess", "Infrastructure.DataAccess\Infrastructure.DataAccess.csproj", "{142118B2-CDF9-4B4B-824C-85ACFD9582D2}"
EndProject
Global
	GlobalSection(SolutionConfigurationPlatforms) = preSolution
		Debug|Any CPU = Debug|Any CPU
		Release|Any CPU = Release|Any CPU
	EndGlobalSection
	GlobalSection(ProjectConfigurationPlatforms) = postSolution
		{6F3D0F7B-E914-4C52-AE1C-BDD13B279EA9}.Debug|Any CPU.ActiveCfg = Debug|Any CPU
		{6F3D0F7B-E914-4C52-AE1C-BDD13B279EA9}.Debug|Any CPU.Build.0 = Debug|Any CPU
		{6F3D0F7B-E914-4C52-AE1C-BDD13B279EA9}.Release|Any CPU.ActiveCfg = Release|Any CPU
		{6F3D0F7B-E914-4C52-AE1C-BDD13B279EA9}.Release|Any CPU.Build.0 = Release|Any CPU
		{9929B5BD-6753-4AFA-B0B4-8E0540DF3B18}.Debug|Any CPU.ActiveCfg = Debug|Any CPU
		{9929B5BD-6753-4AFA-B0B4-8E0540DF3B18}.Debug|Any CPU.Build.0 = Debug|Any CPU
		{9929B5BD-6753-4AFA-B0B4-8E0540DF3B18}.Release|Any CPU.ActiveCfg = Release|Any CPU
		{9929B5BD-6753-4AFA-B0B4-8E0540DF3B18}.Release|Any CPU.Build.0 = Release|Any CPU
		{EB4A27DE-507E-46D0-A3FE-9BDE256514F4}.Debug|Any CPU.ActiveCfg = Debug|Any CPU
		{EB4A27DE-507E-46D0-A3FE-9BDE256514F4}.Debug|Any CPU.Build.0 = Debug|Any CPU
		{EB4A27DE-507E-46D0-A3FE-9BDE256514F4}.Release|Any CPU.ActiveCfg = Release|Any CPU
		{EB4A27DE-507E-46D0-A3FE-9BDE256514F4}.Release|Any CPU.Build.0 = Release|Any CPU
		{142118B2-CDF9-4B4B-824C-85ACFD9582D2}.Debug|Any CPU.ActiveCfg = Debug|Any CPU
		{142118B2-CDF9-4B4B-824C-85ACFD9582D2}.Debug|Any CPU.Build.0 = Debug|Any CPU
		{142118B2-CDF9-4B4B-824C-85ACFD9582D2}.Release|Any CPU.ActiveCfg = Release|Any CPU
		{142118B2-CDF9-4B4B-824C-85ACFD9582D2}.Release|Any CPU.Build.0 = Release|Any CPU
	EndGlobalSection
	GlobalSection(SolutionProperties) = preSolution
		HideSolutionNode = FALSE
	EndGlobalSection
	GlobalSection(NestedProjects) = preSolution
		{6F3D0F7B-E914-4C52-AE1C-BDD13B279EA9} = {02EA681E-C7D8-13C7-8484-4AC65E1B71E8}
		{9929B5BD-6753-4AFA-B0B4-8E0540DF3B18} = {C2A8338C-033C-4D0A-B951-71B7D3DBC6EC}
		{EB4A27DE-507E-46D0-A3FE-9BDE256514F4} = {02EA681E-C7D8-13C7-8484-4AC65E1B71E8}
		{142118B2-CDF9-4B4B-824C-85ACFD9582D2} = {66E063F6-C011-4B07-AD9F-A5C11738A1CE}
	EndGlobalSection
	GlobalSection(ExtensibilityGlobals) = postSolution
		SolutionGuid = {23E51CF3-75AF-4086-BE25-F7E0B5D42FDB}
	EndGlobalSection
EndGlobal
